
Microsoft Visual Studio Solution File, Format Version 12.00
# Visual Studio Version 16
VisualStudioVersion = 16.0.30406.169
MinimumVisualStudioVersion = 10.0.40219.1
Project("{FAE04EC0-301F-11D3-BF4B-00C04F79EFBC}") = "SixthApp", "SixthApp\SixthApp.csproj", "{F2C0D22C-3699-43C5-8ADB-CC25007FFCF8}"
EndProject
Project("{2150E333-8FDC-42A3-9474-1A3956D46DE8}") = "Solution Items", "Solution Items", "{A6234D21-2C4D-4758-8C51-6FE52138A828}"
	ProjectSection(SolutionItems) = preProject
		.editorconfig = .editorconfig
	EndProjectSection
EndProject
Global
	GlobalSection(SolutionConfigurationPlatforms) = preSolution
		Debug|Any CPU = Debug|Any CPU
		Release|Any CPU = Release|Any CPU
	EndGlobalSection
	GlobalSection(ProjectConfigurationPlatforms) = postSolution
		{F2C0D22C-3699-43C5-8ADB-CC25007FFCF8}.Debug|Any CPU.ActiveCfg = Debug|Any CPU
		{F2C0D22C-3699-43C5-8ADB-CC25007FFCF8}.Debug|Any CPU.Build.0 = Debug|Any CPU
		{F2C0D22C-3699-43C5-8ADB-CC25007FFCF8}.Release|Any CPU.ActiveCfg = Release|Any CPU
		{F2C0D22C-3699-43C5-8ADB-CC25007FFCF8}.Release|Any CPU.Build.0 = Release|Any CPU
	EndGlobalSection
	GlobalSection(SolutionProperties) = preSolution
		HideSolutionNode = FALSE
	EndGlobalSection
	GlobalSection(ExtensibilityGlobals) = postSolution
		SolutionGuid = {86779A63-1C3F-47FA-A058-A9E0351AE3CE}
	EndGlobalSection
EndGlobal
