
Microsoft Visual Studio Solution File, Format Version 12.00
# Visual Studio Version 16
VisualStudioVersion = 16.0.30406.169
MinimumVisualStudioVersion = 10.0.40219.1
Project("{FAE04EC0-301F-11D3-BF4B-00C04F79EFBC}") = "FirstApp", "FirstApp\FirstApp.csproj", "{A8804A33-6B23-4EE9-96FB-2EA435438AAB}"
EndProject
Global
	GlobalSection(SolutionConfigurationPlatforms) = preSolution
		Debug|Any CPU = Debug|Any CPU
		Release|Any CPU = Release|Any CPU
	EndGlobalSection
	GlobalSection(ProjectConfigurationPlatforms) = postSolution
		{A8804A33-6B23-4EE9-96FB-2EA435438AAB}.Debug|Any CPU.ActiveCfg = Debug|Any CPU
		{A8804A33-6B23-4EE9-96FB-2EA435438AAB}.Debug|Any CPU.Build.0 = Debug|Any CPU
		{A8804A33-6B23-4EE9-96FB-2EA435438AAB}.Release|Any CPU.ActiveCfg = Release|Any CPU
		{A8804A33-6B23-4EE9-96FB-2EA435438AAB}.Release|Any CPU.Build.0 = Release|Any CPU
	EndGlobalSection
	GlobalSection(SolutionProperties) = preSolution
		HideSolutionNode = FALSE
	EndGlobalSection
	GlobalSection(ExtensibilityGlobals) = postSolution
		SolutionGuid = {50622B61-0674-417A-8F86-E613A7122648}
	EndGlobalSection
EndGlobal
